<?xml version="1.0" encoding="utf-8"?>
<Project ToolsVersion="4.0" xmlns="http://schemas.microsoft.com/developer/msbuild/2003">
  <ItemGroup>
    <Filter Include="Source Files">
      <UniqueIdentifier>{4FC737F1-C7A5-4376-A066-2A32D752A2FF}</UniqueIdentifier>
      <Extensions>h;hpp;cpp;c;cc;cxx;c++;def;odl;idl;hpj;bat;asm;asmx</Extensions>
    </Filter>
    <Filter Include="Source Files\shaders">
      <UniqueIdentifier>{e7472dbb-bfc0-478e-a3ff-5729b531e99f}</UniqueIdentifier>
    </Filter>
    <Filter Include="Source Files\Common">
      <UniqueIdentifier>{e9b2cf98-55c6-4843-b64e-a19f853fc7c6}</UniqueIdentifier>
    </Filter>
    <Filter Include="Source Files\Common\Tools">
      <UniqueIdentifier>{4b77c1e3-5bcc-4d43-b4ba-32a84281c103}</UniqueIdentifier>
    </Filter>
  </ItemGroup>
  <ItemGroup>
    <ClCompile Include="..\Common\Camera.cpp">
      <Filter>Source Files\Common</Filter>
    </ClCompile>
    <ClCompile Include="..\Common\Common.cpp">
      <Filter>Source Files\Common</Filter>
    </ClCompile>
    <ClCompile Include="..\Common\ZeptoMesh.cpp">
      <Filter>Source Files\Common</Filter>
    </ClCompile>
    <ClCompile Include="..\Common\Texture.cpp">
      <Filter>Source Files\Common</Filter>
    </ClCompile>
    <ClCompile Include="..\Common\Vertex.cpp">
      <Filter>Source Files\Common</Filter>
    </ClCompile>
    <ClCompile Include="..\..\Tools\Common\Tool_Multimesh.cpp">
      <Filter>Source Files\Common\Tools</Filter>
    </ClCompile>
    <ClCompile Include="..\..\Tools\Common\Tool_Vertex.cpp">
      <Filter>Source Files\Common\Tools</Filter>
    </ClCompile>
    <ClCompile Include="MeshViewer.cpp">
      <Filter>Source Files</Filter>
    </ClCompile>
    <ClCompile Include="..\Common\Application.cpp">
      <Filter>Source Files\Common</Filter>
    </ClCompile>
  </ItemGroup>
  <ItemGroup>
    <CustomBuild Include="shaders\Render.frag">
      <Filter>Source Files\shaders</Filter>
    </CustomBuild>
    <CustomBuild Include="shaders\Render.vert">
      <Filter>Source Files\shaders</Filter>
    </CustomBuild>
  </ItemGroup>
  <ItemGroup>
    <ClInclude Include="..\Common\Camera.h">
      <Filter>Source Files\Common</Filter>
    </ClInclude>
    <ClInclude Include="..\Common\Common.h">
      <Filter>Source Files\Common</Filter>
    </ClInclude>
    <ClInclude Include="..\Common\Texture.h">
      <Filter>Source Files\Common</Filter>
    </ClInclude>
    <ClInclude Include="..\Common\Vertex.h">
      <Filter>Source Files\Common</Filter>
    </ClInclude>
    <ClInclude Include="..\..\Tools\Common\Tool_Multimesh.h">
      <Filter>Source Files\Common\Tools</Filter>
    </ClInclude>
    <ClInclude Include="..\..\Tools\Common\Tool_Vertex.h">
      <Filter>Source Files\Common\Tools</Filter>
    </ClInclude>
    <ClInclude Include="..\Common\ZeptoMesh.h">
      <Filter>Source Files\Common</Filter>
    </ClInclude>
    <ClInclude Include="..\Common\Application.h">
      <Filter>Source Files\Common</Filter>
    </ClInclude>
  </ItemGroup>
  <ItemGroup>
    <None Include="..\Common\ShaderStructs.inl">
      <Filter>Source Files\Common</Filter>
    </None>
  </ItemGroup>
</Project>